
Microsoft Visual Studio Solution File, Format Version 12.00
# Visual Studio Version 18
VisualStudioVersion = 18.2.11415.280
MinimumVisualStudioVersion = 10.0.40219.1
Project("{2150E333-8FDC-42A3-9474-1A3956D46DE8}") = "src", "src", "{8BC9CEB8-8B4A-11D0-8D11-00A0C91BC942}"
EndProject
Project("{2150E333-8FDC-42A3-9474-1A3956D46DE8}") = "core", "core", "{A1A1A1A1-B2B2-C3C3-D4D4-E5E5E5E5E5E5}"
EndProject
Project("{2150E333-8FDC-42A3-9474-1A3956D46DE8}") = "extensions", "extensions", "{B2B2B2B2-C3C3-D4D4-E5E5-F6F6F6F6F6F6}"
EndProject
Project("{2150E333-8FDC-42A3-9474-1A3956D46DE8}") = "samples", "samples", "{A1B2C3D4-E5F6-7A8B-9C0D-1E2F3A4B5C6D}"
EndProject
Project("{2150E333-8FDC-42A3-9474-1A3956D46DE8}") = "benchmarks", "benchmarks", "{B2C3D4E5-F6A7-8B9C-0D1E-2F3A4B5C6D7E}"
EndProject
Project("{2150E333-8FDC-42A3-9474-1A3956D46DE8}") = "tests", "tests", "{9CD0E1F2-A3B4-C5D6-E7F8-A9B0C1D2E3F4}"
EndProject
Project("{FAE04EC0-301F-11D3-BF4B-00C04F79EFBC}") = "WorkflowForge", "src\core\WorkflowForge\WorkflowForge.csproj", "{1B2A3C4D-5E6F-7A8B-9C0D-1E2F3A4B5C6D}"
EndProject
Project("{FAE04EC0-301F-11D3-BF4B-00C04F79EFBC}") = "WorkflowForge.Extensions.Logging.Serilog", "src\extensions\WorkflowForge.Extensions.Logging.Serilog\WorkflowForge.Extensions.Logging.Serilog.csproj", "{7B8C9D0E-1F2A-3B4C-5D6E-7F8A9B0C1D2E}"
EndProject
Project("{FAE04EC0-301F-11D3-BF4B-00C04F79EFBC}") = "WorkflowForge.Extensions.Observability.Performance", "src\extensions\WorkflowForge.Extensions.Observability.Performance\WorkflowForge.Extensions.Observability.Performance.csproj", "{6A7B8C9D-0E1F-2A3B-4C5D-6E7F8A9B0C1D}"
EndProject
Project("{FAE04EC0-301F-11D3-BF4B-00C04F79EFBC}") = "WorkflowForge.Extensions.Observability.HealthChecks", "src\extensions\WorkflowForge.Extensions.Observability.HealthChecks\WorkflowForge.Extensions.Observability.HealthChecks.csproj", "{4E5F6A7B-8C9D-0E1F-2A3B-4C5D6E7F8A9B}"
EndProject
Project("{FAE04EC0-301F-11D3-BF4B-00C04F79EFBC}") = "WorkflowForge.Extensions.Observability.OpenTelemetry", "src\extensions\WorkflowForge.Extensions.Observability.OpenTelemetry\WorkflowForge.Extensions.Observability.OpenTelemetry.csproj", "{5F6A7B8C-9D0E-1F2A-3B4C-5D6E7F8A9B0C}"
EndProject
Project("{FAE04EC0-301F-11D3-BF4B-00C04F79EFBC}") = "WorkflowForge.Extensions.Resilience", "src\extensions\WorkflowForge.Extensions.Resilience\WorkflowForge.Extensions.Resilience.csproj", "{2C3D4E5F-6A7B-8C9D-0E1F-2A3B4C5D6E7F}"
EndProject
Project("{FAE04EC0-301F-11D3-BF4B-00C04F79EFBC}") = "WorkflowForge.Extensions.Resilience.Polly", "src\extensions\WorkflowForge.Extensions.Resilience.Polly\WorkflowForge.Extensions.Resilience.Polly.csproj", "{3D4E5F6A-7B8C-9D0E-1F2A-3B4C5D6E7F8A}"
EndProject
Project("{FAE04EC0-301F-11D3-BF4B-00C04F79EFBC}") = "WorkflowForge.Extensions.Resilience.Tests", "tests\WorkflowForge.Extensions.Resilience.Tests\WorkflowForge.Extensions.Resilience.Tests.csproj", "{9D0E1F2A-3B4C-5D6E-7F8A-9B0C1D2E3F40}"
EndProject
Project("{FAE04EC0-301F-11D3-BF4B-00C04F79EFBC}") = "WorkflowForge.Extensions.Observability.HealthChecks.Tests", "tests\WorkflowForge.Extensions.Observability.HealthChecks.Tests\WorkflowForge.Extensions.Observability.HealthChecks.Tests.csproj", "{1F2A3B4C-5D6E-7F8A-9B0C-1D2E3F405162}"
EndProject
Project("{FAE04EC0-301F-11D3-BF4B-00C04F79EFBC}") = "WorkflowForge.Samples.BasicConsole", "src\samples\WorkflowForge.Samples.BasicConsole\WorkflowForge.Samples.BasicConsole.csproj", "{C1D2E3F4-A5B6-7C8D-9E0F-1A2B3C4D5E6F}"
EndProject
Project("{FAE04EC0-301F-11D3-BF4B-00C04F79EFBC}") = "WorkflowForge.Benchmarks", "src\benchmarks\WorkflowForge.Benchmarks\WorkflowForge.Benchmarks.csproj", "{D2E3F4A5-B6C7-8D9E-0F1A-2B3C4D5E6F7A}"
EndProject
Project("{FAE04EC0-301F-11D3-BF4B-00C04F79EFBC}") = "WorkflowForge.Tests", "tests\WorkflowForge.Tests\WorkflowForge.Tests.csproj", "{093FDE45-7360-4BCB-8E0D-8D02735AF21E}"
EndProject
Project("{FAE04EC0-301F-11D3-BF4B-00C04F79EFBC}") = "WorkflowForge.Extensions.Persistence", "src\extensions\WorkflowForge.Extensions.Persistence\WorkflowForge.Extensions.Persistence.csproj", "{585C6FAC-A93E-4FFE-A271-7B7C890D426E}"
EndProject
Project("{FAE04EC0-301F-11D3-BF4B-00C04F79EFBC}") = "WorkflowForge.Extensions.Persistence.Tests", "tests\WorkflowForge.Extensions.Persistence.Tests\WorkflowForge.Extensions.Persistence.Tests.csproj", "{84B0E0E4-9F75-4B27-B1F2-4F57B9D3E9AB}"
EndProject
Project("{FAE04EC0-301F-11D3-BF4B-00C04F79EFBC}") = "WorkflowForge.Extensions.Persistence.Recovery", "src\extensions\WorkflowForge.Extensions.Persistence.Recovery\WorkflowForge.Extensions.Persistence.Recovery.csproj", "{2B9E25A8-0D3F-4C2E-9B9A-3F1E2E5E8AB1}"
EndProject
Project("{FAE04EC0-301F-11D3-BF4B-00C04F79EFBC}") = "WorkflowForge.Extensions.Validation", "src\extensions\WorkflowForge.Extensions.Validation\WorkflowForge.Extensions.Validation.csproj", "{5B4F80DF-5686-4D34-9B90-1508B85EFC70}"
EndProject
Project("{FAE04EC0-301F-11D3-BF4B-00C04F79EFBC}") = "WorkflowForge.Extensions.Audit", "src\extensions\WorkflowForge.Extensions.Audit\WorkflowForge.Extensions.Audit.csproj", "{E2E68AC1-3BF6-4CB7-B38C-BA1BD2D1E600}"
EndProject
Project("{FAE04EC0-301F-11D3-BF4B-00C04F79EFBC}") = "WorkflowForge.Extensions.Validation.Tests", "tests\WorkflowForge.Extensions.Validation.Tests\WorkflowForge.Extensions.Validation.Tests.csproj", "{D723CCAA-134D-44DE-8B19-74DDCE6EA101}"
EndProject
Project("{FAE04EC0-301F-11D3-BF4B-00C04F79EFBC}") = "WorkflowForge.Extensions.Audit.Tests", "tests\WorkflowForge.Extensions.Audit.Tests\WorkflowForge.Extensions.Audit.Tests.csproj", "{E6EB3D26-9505-470A-BD16-9D318E873683}"
EndProject
Project("{FAE04EC0-301F-11D3-BF4B-00C04F79EFBC}") = "WorkflowForge.Benchmarks.Comparative", "src\benchmarks\WorkflowForge.Benchmarks.Comparative\WorkflowForge.Benchmarks.Comparative.csproj", "{836BA2B6-B112-4806-8DCD-D928F84FD7AD}"
EndProject
Project("{FAE04EC0-301F-11D3-BF4B-00C04F79EFBC}") = "WorkflowForge.Extensions.DependencyInjection", "src\extensions\WorkflowForge.Extensions.DependencyInjection\WorkflowForge.Extensions.DependencyInjection.csproj", "{BDCD40A7-C2A6-B3CE-5D05-DB393CE04C13}"
EndProject
Project("{FAE04EC0-301F-11D3-BF4B-00C04F79EFBC}") = "WorkflowForge.Testing", "src\core\WorkflowForge.Testing\WorkflowForge.Testing.csproj", "{205EC953-33A5-4802-98D9-C6748DA9CA6C}"
EndProject
Project("{FAE04EC0-301F-11D3-BF4B-00C04F79EFBC}") = "WorkflowForge.Extensions.DependencyInjection.Tests", "tests\WorkflowForge.Extensions.DependencyInjection.Tests\WorkflowForge.Extensions.DependencyInjection.Tests.csproj", "{A235A0A4-0054-47CB-A151-F5D4936BCE91}"
EndProject
Project("{FAE04EC0-301F-11D3-BF4B-00C04F79EFBC}") = "WorkflowForge.Extensions.Resilience.Polly.Tests", "tests\WorkflowForge.Extensions.Resilience.Polly.Tests\WorkflowForge.Extensions.Resilience.Polly.Tests.csproj", "{EA4BFEF7-175C-4263-ACF4-E51285BDE535}"
EndProject
Project("{FAE04EC0-301F-11D3-BF4B-00C04F79EFBC}") = "WorkflowForge.Extensions.Observability.OpenTelemetry.Tests", "tests\WorkflowForge.Extensions.Observability.OpenTelemetry.Tests\WorkflowForge.Extensions.Observability.OpenTelemetry.Tests.csproj", "{3FA54360-7DEE-4975-9715-BEFE43AD39B8}"
EndProject
Project("{FAE04EC0-301F-11D3-BF4B-00C04F79EFBC}") = "WorkflowForge.Extensions.Logging.Serilog.Tests", "tests\WorkflowForge.Extensions.Logging.Serilog.Tests\WorkflowForge.Extensions.Logging.Serilog.Tests.csproj", "{8B9C0D1E-2F3A-4B5C-6D7E-8F9A0B1C2D3E}"
EndProject
Global
	GlobalSection(SolutionConfigurationPlatforms) = preSolution
		Debug|Any CPU = Debug|Any CPU
		Debug|x64 = Debug|x64
		Debug|x86 = Debug|x86
		Release|Any CPU = Release|Any CPU
		Release|x64 = Release|x64
		Release|x86 = Release|x86
	EndGlobalSection
	GlobalSection(ProjectConfigurationPlatforms) = postSolution
		{1B2A3C4D-5E6F-7A8B-9C0D-1E2F3A4B5C6D}.Debug|Any CPU.ActiveCfg = Debug|Any CPU
		{1B2A3C4D-5E6F-7A8B-9C0D-1E2F3A4B5C6D}.Debug|Any CPU.Build.0 = Debug|Any CPU
		{1B2A3C4D-5E6F-7A8B-9C0D-1E2F3A4B5C6D}.Debug|x64.ActiveCfg = Debug|Any CPU
		{1B2A3C4D-5E6F-7A8B-9C0D-1E2F3A4B5C6D}.Debug|x64.Build.0 = Debug|Any CPU
		{1B2A3C4D-5E6F-7A8B-9C0D-1E2F3A4B5C6D}.Debug|x86.ActiveCfg = Debug|Any CPU
		{1B2A3C4D-5E6F-7A8B-9C0D-1E2F3A4B5C6D}.Debug|x86.Build.0 = Debug|Any CPU
		{1B2A3C4D-5E6F-7A8B-9C0D-1E2F3A4B5C6D}.Release|Any CPU.ActiveCfg = Release|Any CPU
		{1B2A3C4D-5E6F-7A8B-9C0D-1E2F3A4B5C6D}.Release|Any CPU.Build.0 = Release|Any CPU
		{1B2A3C4D-5E6F-7A8B-9C0D-1E2F3A4B5C6D}.Release|x64.ActiveCfg = Release|Any CPU
		{1B2A3C4D-5E6F-7A8B-9C0D-1E2F3A4B5C6D}.Release|x64.Build.0 = Release|Any CPU
		{1B2A3C4D-5E6F-7A8B-9C0D-1E2F3A4B5C6D}.Release|x86.ActiveCfg = Release|Any CPU
		{1B2A3C4D-5E6F-7A8B-9C0D-1E2F3A4B5C6D}.Release|x86.Build.0 = Release|Any CPU
		{7B8C9D0E-1F2A-3B4C-5D6E-7F8A9B0C1D2E}.Debug|Any CPU.ActiveCfg = Debug|Any CPU
		{7B8C9D0E-1F2A-3B4C-5D6E-7F8A9B0C1D2E}.Debug|Any CPU.Build.0 = Debug|Any CPU
		{7B8C9D0E-1F2A-3B4C-5D6E-7F8A9B0C1D2E}.Debug|x64.ActiveCfg = Debug|Any CPU
		{7B8C9D0E-1F2A-3B4C-5D6E-7F8A9B0C1D2E}.Debug|x64.Build.0 = Debug|Any CPU
		{7B8C9D0E-1F2A-3B4C-5D6E-7F8A9B0C1D2E}.Debug|x86.ActiveCfg = Debug|Any CPU
		{7B8C9D0E-1F2A-3B4C-5D6E-7F8A9B0C1D2E}.Debug|x86.Build.0 = Debug|Any CPU
		{7B8C9D0E-1F2A-3B4C-5D6E-7F8A9B0C1D2E}.Release|Any CPU.ActiveCfg = Release|Any CPU
		{7B8C9D0E-1F2A-3B4C-5D6E-7F8A9B0C1D2E}.Release|Any CPU.Build.0 = Release|Any CPU
		{7B8C9D0E-1F2A-3B4C-5D6E-7F8A9B0C1D2E}.Release|x64.ActiveCfg = Release|Any CPU
		{7B8C9D0E-1F2A-3B4C-5D6E-7F8A9B0C1D2E}.Release|x64.Build.0 = Release|Any CPU
		{7B8C9D0E-1F2A-3B4C-5D6E-7F8A9B0C1D2E}.Release|x86.ActiveCfg = Release|Any CPU
		{7B8C9D0E-1F2A-3B4C-5D6E-7F8A9B0C1D2E}.Release|x86.Build.0 = Release|Any CPU
		{6A7B8C9D-0E1F-2A3B-4C5D-6E7F8A9B0C1D}.Debug|Any CPU.ActiveCfg = Debug|Any CPU
		{6A7B8C9D-0E1F-2A3B-4C5D-6E7F8A9B0C1D}.Debug|Any CPU.Build.0 = Debug|Any CPU
		{6A7B8C9D-0E1F-2A3B-4C5D-6E7F8A9B0C1D}.Debug|x64.ActiveCfg = Debug|Any CPU
		{6A7B8C9D-0E1F-2A3B-4C5D-6E7F8A9B0C1D}.Debug|x64.Build.0 = Debug|Any CPU
		{6A7B8C9D-0E1F-2A3B-4C5D-6E7F8A9B0C1D}.Debug|x86.ActiveCfg = Debug|Any CPU
		{6A7B8C9D-0E1F-2A3B-4C5D-6E7F8A9B0C1D}.Debug|x86.Build.0 = Debug|Any CPU
		{6A7B8C9D-0E1F-2A3B-4C5D-6E7F8A9B0C1D}.Release|Any CPU.ActiveCfg = Release|Any CPU
		{6A7B8C9D-0E1F-2A3B-4C5D-6E7F8A9B0C1D}.Release|Any CPU.Build.0 = Release|Any CPU
		{6A7B8C9D-0E1F-2A3B-4C5D-6E7F8A9B0C1D}.Release|x64.ActiveCfg = Release|Any CPU
		{6A7B8C9D-0E1F-2A3B-4C5D-6E7F8A9B0C1D}.Release|x64.Build.0 = Release|Any CPU
		{6A7B8C9D-0E1F-2A3B-4C5D-6E7F8A9B0C1D}.Release|x86.ActiveCfg = Release|Any CPU
		{6A7B8C9D-0E1F-2A3B-4C5D-6E7F8A9B0C1D}.Release|x86.Build.0 = Release|Any CPU
		{4E5F6A7B-8C9D-0E1F-2A3B-4C5D6E7F8A9B}.Debug|Any CPU.ActiveCfg = Debug|Any CPU
		{4E5F6A7B-8C9D-0E1F-2A3B-4C5D6E7F8A9B}.Debug|Any CPU.Build.0 = Debug|Any CPU
		{4E5F6A7B-8C9D-0E1F-2A3B-4C5D6E7F8A9B}.Debug|x64.ActiveCfg = Debug|Any CPU
		{4E5F6A7B-8C9D-0E1F-2A3B-4C5D6E7F8A9B}.Debug|x64.Build.0 = Debug|Any CPU
		{4E5F6A7B-8C9D-0E1F-2A3B-4C5D6E7F8A9B}.Debug|x86.ActiveCfg = Debug|Any CPU
		{4E5F6A7B-8C9D-0E1F-2A3B-4C5D6E7F8A9B}.Debug|x86.Build.0 = Debug|Any CPU
		{4E5F6A7B-8C9D-0E1F-2A3B-4C5D6E7F8A9B}.Release|Any CPU.ActiveCfg = Release|Any CPU
		{4E5F6A7B-8C9D-0E1F-2A3B-4C5D6E7F8A9B}.Release|Any CPU.Build.0 = Release|Any CPU
		{4E5F6A7B-8C9D-0E1F-2A3B-4C5D6E7F8A9B}.Release|x64.ActiveCfg = Release|Any CPU
		{4E5F6A7B-8C9D-0E1F-2A3B-4C5D6E7F8A9B}.Release|x64.Build.0 = Release|Any CPU
		{4E5F6A7B-8C9D-0E1F-2A3B-4C5D6E7F8A9B}.Release|x86.ActiveCfg = Release|Any CPU
		{4E5F6A7B-8C9D-0E1F-2A3B-4C5D6E7F8A9B}.Release|x86.Build.0 = Release|Any CPU
		{5F6A7B8C-9D0E-1F2A-3B4C-5D6E7F8A9B0C}.Debug|Any CPU.ActiveCfg = Debug|Any CPU
		{5F6A7B8C-9D0E-1F2A-3B4C-5D6E7F8A9B0C}.Debug|Any CPU.Build.0 = Debug|Any CPU
		{5F6A7B8C-9D0E-1F2A-3B4C-5D6E7F8A9B0C}.Debug|x64.ActiveCfg = Debug|Any CPU
		{5F6A7B8C-9D0E-1F2A-3B4C-5D6E7F8A9B0C}.Debug|x64.Build.0 = Debug|Any CPU
		{5F6A7B8C-9D0E-1F2A-3B4C-5D6E7F8A9B0C}.Debug|x86.ActiveCfg = Debug|Any CPU
		{5F6A7B8C-9D0E-1F2A-3B4C-5D6E7F8A9B0C}.Debug|x86.Build.0 = Debug|Any CPU
		{5F6A7B8C-9D0E-1F2A-3B4C-5D6E7F8A9B0C}.Release|Any CPU.ActiveCfg = Release|Any CPU
		{5F6A7B8C-9D0E-1F2A-3B4C-5D6E7F8A9B0C}.Release|Any CPU.Build.0 = Release|Any CPU
		{5F6A7B8C-9D0E-1F2A-3B4C-5D6E7F8A9B0C}.Release|x64.ActiveCfg = Release|Any CPU
		{5F6A7B8C-9D0E-1F2A-3B4C-5D6E7F8A9B0C}.Release|x64.Build.0 = Release|Any CPU
		{5F6A7B8C-9D0E-1F2A-3B4C-5D6E7F8A9B0C}.Release|x86.ActiveCfg = Release|Any CPU
		{5F6A7B8C-9D0E-1F2A-3B4C-5D6E7F8A9B0C}.Release|x86.Build.0 = Release|Any CPU
		{2C3D4E5F-6A7B-8C9D-0E1F-2A3B4C5D6E7F}.Debug|Any CPU.ActiveCfg = Debug|Any CPU
		{2C3D4E5F-6A7B-8C9D-0E1F-2A3B4C5D6E7F}.Debug|Any CPU.Build.0 = Debug|Any CPU
		{2C3D4E5F-6A7B-8C9D-0E1F-2A3B4C5D6E7F}.Debug|x64.ActiveCfg = Debug|Any CPU
		{2C3D4E5F-6A7B-8C9D-0E1F-2A3B4C5D6E7F}.Debug|x64.Build.0 = Debug|Any CPU
		{2C3D4E5F-6A7B-8C9D-0E1F-2A3B4C5D6E7F}.Debug|x86.ActiveCfg = Debug|Any CPU
		{2C3D4E5F-6A7B-8C9D-0E1F-2A3B4C5D6E7F}.Debug|x86.Build.0 = Debug|Any CPU
		{2C3D4E5F-6A7B-8C9D-0E1F-2A3B4C5D6E7F}.Release|Any CPU.ActiveCfg = Release|Any CPU
		{2C3D4E5F-6A7B-8C9D-0E1F-2A3B4C5D6E7F}.Release|Any CPU.Build.0 = Release|Any CPU
		{2C3D4E5F-6A7B-8C9D-0E1F-2A3B4C5D6E7F}.Release|x64.ActiveCfg = Release|Any CPU
		{2C3D4E5F-6A7B-8C9D-0E1F-2A3B4C5D6E7F}.Release|x64.Build.0 = Release|Any CPU
		{2C3D4E5F-6A7B-8C9D-0E1F-2A3B4C5D6E7F}.Release|x86.ActiveCfg = Release|Any CPU
		{2C3D4E5F-6A7B-8C9D-0E1F-2A3B4C5D6E7F}.Release|x86.Build.0 = Release|Any CPU
		{3D4E5F6A-7B8C-9D0E-1F2A-3B4C5D6E7F8A}.Debug|Any CPU.ActiveCfg = Debug|Any CPU
		{3D4E5F6A-7B8C-9D0E-1F2A-3B4C5D6E7F8A}.Debug|Any CPU.Build.0 = Debug|Any CPU
		{3D4E5F6A-7B8C-9D0E-1F2A-3B4C5D6E7F8A}.Debug|x64.ActiveCfg = Debug|Any CPU
		{3D4E5F6A-7B8C-9D0E-1F2A-3B4C5D6E7F8A}.Debug|x64.Build.0 = Debug|Any CPU
		{3D4E5F6A-7B8C-9D0E-1F2A-3B4C5D6E7F8A}.Debug|x86.ActiveCfg = Debug|Any CPU
		{3D4E5F6A-7B8C-9D0E-1F2A-3B4C5D6E7F8A}.Debug|x86.Build.0 = Debug|Any CPU
		{3D4E5F6A-7B8C-9D0E-1F2A-3B4C5D6E7F8A}.Release|Any CPU.ActiveCfg = Release|Any CPU
		{3D4E5F6A-7B8C-9D0E-1F2A-3B4C5D6E7F8A}.Release|Any CPU.Build.0 = Release|Any CPU
		{3D4E5F6A-7B8C-9D0E-1F2A-3B4C5D6E7F8A}.Release|x64.ActiveCfg = Release|Any CPU
		{3D4E5F6A-7B8C-9D0E-1F2A-3B4C5D6E7F8A}.Release|x64.Build.0 = Release|Any CPU
		{3D4E5F6A-7B8C-9D0E-1F2A-3B4C5D6E7F8A}.Release|x86.ActiveCfg = Release|Any CPU
		{3D4E5F6A-7B8C-9D0E-1F2A-3B4C5D6E7F8A}.Release|x86.Build.0 = Release|Any CPU
		{9D0E1F2A-3B4C-5D6E-7F8A-9B0C1D2E3F40}.Debug|Any CPU.ActiveCfg = Debug|Any CPU
		{9D0E1F2A-3B4C-5D6E-7F8A-9B0C1D2E3F40}.Debug|Any CPU.Build.0 = Debug|Any CPU
		{9D0E1F2A-3B4C-5D6E-7F8A-9B0C1D2E3F40}.Debug|x64.ActiveCfg = Debug|Any CPU
		{9D0E1F2A-3B4C-5D6E-7F8A-9B0C1D2E3F40}.Debug|x64.Build.0 = Debug|Any CPU
		{9D0E1F2A-3B4C-5D6E-7F8A-9B0C1D2E3F40}.Debug|x86.ActiveCfg = Debug|Any CPU
		{9D0E1F2A-3B4C-5D6E-7F8A-9B0C1D2E3F40}.Debug|x86.Build.0 = Debug|Any CPU
		{9D0E1F2A-3B4C-5D6E-7F8A-9B0C1D2E3F40}.Release|Any CPU.ActiveCfg = Release|Any CPU
		{9D0E1F2A-3B4C-5D6E-7F8A-9B0C1D2E3F40}.Release|Any CPU.Build.0 = Release|Any CPU
		{9D0E1F2A-3B4C-5D6E-7F8A-9B0C1D2E3F40}.Release|x64.ActiveCfg = Release|Any CPU
		{9D0E1F2A-3B4C-5D6E-7F8A-9B0C1D2E3F40}.Release|x64.Build.0 = Release|Any CPU
		{9D0E1F2A-3B4C-5D6E-7F8A-9B0C1D2E3F40}.Release|x86.ActiveCfg = Release|Any CPU
		{9D0E1F2A-3B4C-5D6E-7F8A-9B0C1D2E3F40}.Release|x86.Build.0 = Release|Any CPU
		{1F2A3B4C-5D6E-7F8A-9B0C-1D2E3F405162}.Debug|Any CPU.ActiveCfg = Debug|Any CPU
		{1F2A3B4C-5D6E-7F8A-9B0C-1D2E3F405162}.Debug|Any CPU.Build.0 = Debug|Any CPU
		{1F2A3B4C-5D6E-7F8A-9B0C-1D2E3F405162}.Debug|x64.ActiveCfg = Debug|Any CPU
		{1F2A3B4C-5D6E-7F8A-9B0C-1D2E3F405162}.Debug|x64.Build.0 = Debug|Any CPU
		{1F2A3B4C-5D6E-7F8A-9B0C-1D2E3F405162}.Debug|x86.ActiveCfg = Debug|Any CPU
		{1F2A3B4C-5D6E-7F8A-9B0C-1D2E3F405162}.Debug|x86.Build.0 = Debug|Any CPU
		{1F2A3B4C-5D6E-7F8A-9B0C-1D2E3F405162}.Release|Any CPU.ActiveCfg = Release|Any CPU
		{1F2A3B4C-5D6E-7F8A-9B0C-1D2E3F405162}.Release|Any CPU.Build.0 = Release|Any CPU
		{1F2A3B4C-5D6E-7F8A-9B0C-1D2E3F405162}.Release|x64.ActiveCfg = Release|Any CPU
		{1F2A3B4C-5D6E-7F8A-9B0C-1D2E3F405162}.Release|x64.Build.0 = Release|Any CPU
		{1F2A3B4C-5D6E-7F8A-9B0C-1D2E3F405162}.Release|x86.ActiveCfg = Release|Any CPU
		{1F2A3B4C-5D6E-7F8A-9B0C-1D2E3F405162}.Release|x86.Build.0 = Release|Any CPU
		{C1D2E3F4-A5B6-7C8D-9E0F-1A2B3C4D5E6F}.Debug|Any CPU.ActiveCfg = Debug|Any CPU
		{C1D2E3F4-A5B6-7C8D-9E0F-1A2B3C4D5E6F}.Debug|Any CPU.Build.0 = Debug|Any CPU
		{C1D2E3F4-A5B6-7C8D-9E0F-1A2B3C4D5E6F}.Debug|x64.ActiveCfg = Debug|Any CPU
		{C1D2E3F4-A5B6-7C8D-9E0F-1A2B3C4D5E6F}.Debug|x64.Build.0 = Debug|Any CPU
		{C1D2E3F4-A5B6-7C8D-9E0F-1A2B3C4D5E6F}.Debug|x86.ActiveCfg = Debug|Any CPU
		{C1D2E3F4-A5B6-7C8D-9E0F-1A2B3C4D5E6F}.Debug|x86.Build.0 = Debug|Any CPU
		{C1D2E3F4-A5B6-7C8D-9E0F-1A2B3C4D5E6F}.Release|Any CPU.ActiveCfg = Release|Any CPU
		{C1D2E3F4-A5B6-7C8D-9E0F-1A2B3C4D5E6F}.Release|Any CPU.Build.0 = Release|Any CPU
		{C1D2E3F4-A5B6-7C8D-9E0F-1A2B3C4D5E6F}.Release|x64.ActiveCfg = Release|Any CPU
		{C1D2E3F4-A5B6-7C8D-9E0F-1A2B3C4D5E6F}.Release|x64.Build.0 = Release|Any CPU
		{C1D2E3F4-A5B6-7C8D-9E0F-1A2B3C4D5E6F}.Release|x86.ActiveCfg = Release|Any CPU
		{C1D2E3F4-A5B6-7C8D-9E0F-1A2B3C4D5E6F}.Release|x86.Build.0 = Release|Any CPU
		{D2E3F4A5-B6C7-8D9E-0F1A-2B3C4D5E6F7A}.Debug|Any CPU.ActiveCfg = Debug|Any CPU
		{D2E3F4A5-B6C7-8D9E-0F1A-2B3C4D5E6F7A}.Debug|Any CPU.Build.0 = Debug|Any CPU
		{D2E3F4A5-B6C7-8D9E-0F1A-2B3C4D5E6F7A}.Debug|x64.ActiveCfg = Debug|Any CPU
		{D2E3F4A5-B6C7-8D9E-0F1A-2B3C4D5E6F7A}.Debug|x64.Build.0 = Debug|Any CPU
		{D2E3F4A5-B6C7-8D9E-0F1A-2B3C4D5E6F7A}.Debug|x86.ActiveCfg = Debug|Any CPU
		{D2E3F4A5-B6C7-8D9E-0F1A-2B3C4D5E6F7A}.Debug|x86.Build.0 = Debug|Any CPU
		{D2E3F4A5-B6C7-8D9E-0F1A-2B3C4D5E6F7A}.Release|Any CPU.ActiveCfg = Release|Any CPU
		{D2E3F4A5-B6C7-8D9E-0F1A-2B3C4D5E6F7A}.Release|Any CPU.Build.0 = Release|Any CPU
		{D2E3F4A5-B6C7-8D9E-0F1A-2B3C4D5E6F7A}.Release|x64.ActiveCfg = Release|Any CPU
		{D2E3F4A5-B6C7-8D9E-0F1A-2B3C4D5E6F7A}.Release|x64.Build.0 = Release|Any CPU
		{D2E3F4A5-B6C7-8D9E-0F1A-2B3C4D5E6F7A}.Release|x86.ActiveCfg = Release|Any CPU
		{D2E3F4A5-B6C7-8D9E-0F1A-2B3C4D5E6F7A}.Release|x86.Build.0 = Release|Any CPU
		{093FDE45-7360-4BCB-8E0D-8D02735AF21E}.Debug|Any CPU.ActiveCfg = Debug|Any CPU
		{093FDE45-7360-4BCB-8E0D-8D02735AF21E}.Debug|Any CPU.Build.0 = Debug|Any CPU
		{093FDE45-7360-4BCB-8E0D-8D02735AF21E}.Debug|x64.ActiveCfg = Debug|Any CPU
		{093FDE45-7360-4BCB-8E0D-8D02735AF21E}.Debug|x64.Build.0 = Debug|Any CPU
		{093FDE45-7360-4BCB-8E0D-8D02735AF21E}.Debug|x86.ActiveCfg = Debug|Any CPU
		{093FDE45-7360-4BCB-8E0D-8D02735AF21E}.Debug|x86.Build.0 = Debug|Any CPU
		{093FDE45-7360-4BCB-8E0D-8D02735AF21E}.Release|Any CPU.ActiveCfg = Release|Any CPU
		{093FDE45-7360-4BCB-8E0D-8D02735AF21E}.Release|Any CPU.Build.0 = Release|Any CPU
		{093FDE45-7360-4BCB-8E0D-8D02735AF21E}.Release|x64.ActiveCfg = Release|Any CPU
		{093FDE45-7360-4BCB-8E0D-8D02735AF21E}.Release|x64.Build.0 = Release|Any CPU
		{093FDE45-7360-4BCB-8E0D-8D02735AF21E}.Release|x86.ActiveCfg = Release|Any CPU
		{093FDE45-7360-4BCB-8E0D-8D02735AF21E}.Release|x86.Build.0 = Release|Any CPU
		{585C6FAC-A93E-4FFE-A271-7B7C890D426E}.Debug|Any CPU.ActiveCfg = Debug|Any CPU
		{585C6FAC-A93E-4FFE-A271-7B7C890D426E}.Debug|Any CPU.Build.0 = Debug|Any CPU
		{585C6FAC-A93E-4FFE-A271-7B7C890D426E}.Debug|x64.ActiveCfg = Debug|Any CPU
		{585C6FAC-A93E-4FFE-A271-7B7C890D426E}.Debug|x64.Build.0 = Debug|Any CPU
		{585C6FAC-A93E-4FFE-A271-7B7C890D426E}.Debug|x86.ActiveCfg = Debug|Any CPU
		{585C6FAC-A93E-4FFE-A271-7B7C890D426E}.Debug|x86.Build.0 = Debug|Any CPU
		{585C6FAC-A93E-4FFE-A271-7B7C890D426E}.Release|Any CPU.ActiveCfg = Release|Any CPU
		{585C6FAC-A93E-4FFE-A271-7B7C890D426E}.Release|Any CPU.Build.0 = Release|Any CPU
		{585C6FAC-A93E-4FFE-A271-7B7C890D426E}.Release|x64.ActiveCfg = Release|Any CPU
		{585C6FAC-A93E-4FFE-A271-7B7C890D426E}.Release|x64.Build.0 = Release|Any CPU
		{585C6FAC-A93E-4FFE-A271-7B7C890D426E}.Release|x86.ActiveCfg = Release|Any CPU
		{585C6FAC-A93E-4FFE-A271-7B7C890D426E}.Release|x86.Build.0 = Release|Any CPU
		{84B0E0E4-9F75-4B27-B1F2-4F57B9D3E9AB}.Debug|Any CPU.ActiveCfg = Debug|Any CPU
		{84B0E0E4-9F75-4B27-B1F2-4F57B9D3E9AB}.Debug|Any CPU.Build.0 = Debug|Any CPU
		{84B0E0E4-9F75-4B27-B1F2-4F57B9D3E9AB}.Debug|x64.ActiveCfg = Debug|Any CPU
		{84B0E0E4-9F75-4B27-B1F2-4F57B9D3E9AB}.Debug|x64.Build.0 = Debug|Any CPU
		{84B0E0E4-9F75-4B27-B1F2-4F57B9D3E9AB}.Debug|x86.ActiveCfg = Debug|Any CPU
		{84B0E0E4-9F75-4B27-B1F2-4F57B9D3E9AB}.Debug|x86.Build.0 = Debug|Any CPU
		{84B0E0E4-9F75-4B27-B1F2-4F57B9D3E9AB}.Release|Any CPU.ActiveCfg = Release|Any CPU
		{84B0E0E4-9F75-4B27-B1F2-4F57B9D3E9AB}.Release|Any CPU.Build.0 = Release|Any CPU
		{84B0E0E4-9F75-4B27-B1F2-4F57B9D3E9AB}.Release|x64.ActiveCfg = Release|Any CPU
		{84B0E0E4-9F75-4B27-B1F2-4F57B9D3E9AB}.Release|x64.Build.0 = Release|Any CPU
		{84B0E0E4-9F75-4B27-B1F2-4F57B9D3E9AB}.Release|x86.ActiveCfg = Release|Any CPU
		{84B0E0E4-9F75-4B27-B1F2-4F57B9D3E9AB}.Release|x86.Build.0 = Release|Any CPU
		{2B9E25A8-0D3F-4C2E-9B9A-3F1E2E5E8AB1}.Debug|Any CPU.ActiveCfg = Debug|Any CPU
		{2B9E25A8-0D3F-4C2E-9B9A-3F1E2E5E8AB1}.Debug|Any CPU.Build.0 = Debug|Any CPU
		{2B9E25A8-0D3F-4C2E-9B9A-3F1E2E5E8AB1}.Debug|x64.ActiveCfg = Debug|Any CPU
		{2B9E25A8-0D3F-4C2E-9B9A-3F1E2E5E8AB1}.Debug|x64.Build.0 = Debug|Any CPU
		{2B9E25A8-0D3F-4C2E-9B9A-3F1E2E5E8AB1}.Debug|x86.ActiveCfg = Debug|Any CPU
		{2B9E25A8-0D3F-4C2E-9B9A-3F1E2E5E8AB1}.Debug|x86.Build.0 = Debug|Any CPU
		{2B9E25A8-0D3F-4C2E-9B9A-3F1E2E5E8AB1}.Release|Any CPU.ActiveCfg = Release|Any CPU
		{2B9E25A8-0D3F-4C2E-9B9A-3F1E2E5E8AB1}.Release|Any CPU.Build.0 = Release|Any CPU
		{2B9E25A8-0D3F-4C2E-9B9A-3F1E2E5E8AB1}.Release|x64.ActiveCfg = Release|Any CPU
		{2B9E25A8-0D3F-4C2E-9B9A-3F1E2E5E8AB1}.Release|x64.Build.0 = Release|Any CPU
		{2B9E25A8-0D3F-4C2E-9B9A-3F1E2E5E8AB1}.Release|x86.ActiveCfg = Release|Any CPU
		{2B9E25A8-0D3F-4C2E-9B9A-3F1E2E5E8AB1}.Release|x86.Build.0 = Release|Any CPU
		{5B4F80DF-5686-4D34-9B90-1508B85EFC70}.Debug|Any CPU.ActiveCfg = Debug|Any CPU
		{5B4F80DF-5686-4D34-9B90-1508B85EFC70}.Debug|Any CPU.Build.0 = Debug|Any CPU
		{5B4F80DF-5686-4D34-9B90-1508B85EFC70}.Debug|x64.ActiveCfg = Debug|Any CPU
		{5B4F80DF-5686-4D34-9B90-1508B85EFC70}.Debug|x64.Build.0 = Debug|Any CPU
		{5B4F80DF-5686-4D34-9B90-1508B85EFC70}.Debug|x86.ActiveCfg = Debug|Any CPU
		{5B4F80DF-5686-4D34-9B90-1508B85EFC70}.Debug|x86.Build.0 = Debug|Any CPU
		{5B4F80DF-5686-4D34-9B90-1508B85EFC70}.Release|Any CPU.ActiveCfg = Release|Any CPU
		{5B4F80DF-5686-4D34-9B90-1508B85EFC70}.Release|Any CPU.Build.0 = Release|Any CPU
		{5B4F80DF-5686-4D34-9B90-1508B85EFC70}.Release|x64.ActiveCfg = Release|Any CPU
		{5B4F80DF-5686-4D34-9B90-1508B85EFC70}.Release|x64.Build.0 = Release|Any CPU
		{5B4F80DF-5686-4D34-9B90-1508B85EFC70}.Release|x86.ActiveCfg = Release|Any CPU
		{5B4F80DF-5686-4D34-9B90-1508B85EFC70}.Release|x86.Build.0 = Release|Any CPU
		{E2E68AC1-3BF6-4CB7-B38C-BA1BD2D1E600}.Debug|Any CPU.ActiveCfg = Debug|Any CPU
		{E2E68AC1-3BF6-4CB7-B38C-BA1BD2D1E600}.Debug|Any CPU.Build.0 = Debug|Any CPU
		{E2E68AC1-3BF6-4CB7-B38C-BA1BD2D1E600}.Debug|x64.ActiveCfg = Debug|Any CPU
		{E2E68AC1-3BF6-4CB7-B38C-BA1BD2D1E600}.Debug|x64.Build.0 = Debug|Any CPU
		{E2E68AC1-3BF6-4CB7-B38C-BA1BD2D1E600}.Debug|x86.ActiveCfg = Debug|Any CPU
		{E2E68AC1-3BF6-4CB7-B38C-BA1BD2D1E600}.Debug|x86.Build.0 = Debug|Any CPU
		{E2E68AC1-3BF6-4CB7-B38C-BA1BD2D1E600}.Release|Any CPU.ActiveCfg = Release|Any CPU
		{E2E68AC1-3BF6-4CB7-B38C-BA1BD2D1E600}.Release|Any CPU.Build.0 = Release|Any CPU
		{E2E68AC1-3BF6-4CB7-B38C-BA1BD2D1E600}.Release|x64.ActiveCfg = Release|Any CPU
		{E2E68AC1-3BF6-4CB7-B38C-BA1BD2D1E600}.Release|x64.Build.0 = Release|Any CPU
		{E2E68AC1-3BF6-4CB7-B38C-BA1BD2D1E600}.Release|x86.ActiveCfg = Release|Any CPU
		{E2E68AC1-3BF6-4CB7-B38C-BA1BD2D1E600}.Release|x86.Build.0 = Release|Any CPU
		{D723CCAA-134D-44DE-8B19-74DDCE6EA101}.Debug|Any CPU.ActiveCfg = Debug|Any CPU
		{D723CCAA-134D-44DE-8B19-74DDCE6EA101}.Debug|Any CPU.Build.0 = Debug|Any CPU
		{D723CCAA-134D-44DE-8B19-74DDCE6EA101}.Debug|x64.ActiveCfg = Debug|Any CPU
		{D723CCAA-134D-44DE-8B19-74DDCE6EA101}.Debug|x64.Build.0 = Debug|Any CPU
		{D723CCAA-134D-44DE-8B19-74DDCE6EA101}.Debug|x86.ActiveCfg = Debug|Any CPU
		{D723CCAA-134D-44DE-8B19-74DDCE6EA101}.Debug|x86.Build.0 = Debug|Any CPU
		{D723CCAA-134D-44DE-8B19-74DDCE6EA101}.Release|Any CPU.ActiveCfg = Release|Any CPU
		{D723CCAA-134D-44DE-8B19-74DDCE6EA101}.Release|Any CPU.Build.0 = Release|Any CPU
		{D723CCAA-134D-44DE-8B19-74DDCE6EA101}.Release|x64.ActiveCfg = Release|Any CPU
		{D723CCAA-134D-44DE-8B19-74DDCE6EA101}.Release|x64.Build.0 = Release|Any CPU
		{D723CCAA-134D-44DE-8B19-74DDCE6EA101}.Release|x86.ActiveCfg = Release|Any CPU
		{D723CCAA-134D-44DE-8B19-74DDCE6EA101}.Release|x86.Build.0 = Release|Any CPU
		{E6EB3D26-9505-470A-BD16-9D318E873683}.Debug|Any CPU.ActiveCfg = Debug|Any CPU
		{E6EB3D26-9505-470A-BD16-9D318E873683}.Debug|Any CPU.Build.0 = Debug|Any CPU
		{E6EB3D26-9505-470A-BD16-9D318E873683}.Debug|x64.ActiveCfg = Debug|Any CPU
		{E6EB3D26-9505-470A-BD16-9D318E873683}.Debug|x64.Build.0 = Debug|Any CPU
		{E6EB3D26-9505-470A-BD16-9D318E873683}.Debug|x86.ActiveCfg = Debug|Any CPU
		{E6EB3D26-9505-470A-BD16-9D318E873683}.Debug|x86.Build.0 = Debug|Any CPU
		{E6EB3D26-9505-470A-BD16-9D318E873683}.Release|Any CPU.ActiveCfg = Release|Any CPU
		{E6EB3D26-9505-470A-BD16-9D318E873683}.Release|Any CPU.Build.0 = Release|Any CPU
		{E6EB3D26-9505-470A-BD16-9D318E873683}.Release|x64.ActiveCfg = Release|Any CPU
		{E6EB3D26-9505-470A-BD16-9D318E873683}.Release|x64.Build.0 = Release|Any CPU
		{E6EB3D26-9505-470A-BD16-9D318E873683}.Release|x86.ActiveCfg = Release|Any CPU
		{E6EB3D26-9505-470A-BD16-9D318E873683}.Release|x86.Build.0 = Release|Any CPU
		{836BA2B6-B112-4806-8DCD-D928F84FD7AD}.Debug|Any CPU.ActiveCfg = Debug|Any CPU
		{836BA2B6-B112-4806-8DCD-D928F84FD7AD}.Debug|Any CPU.Build.0 = Debug|Any CPU
		{836BA2B6-B112-4806-8DCD-D928F84FD7AD}.Debug|x64.ActiveCfg = Debug|Any CPU
		{836BA2B6-B112-4806-8DCD-D928F84FD7AD}.Debug|x64.Build.0 = Debug|Any CPU
		{836BA2B6-B112-4806-8DCD-D928F84FD7AD}.Debug|x86.ActiveCfg = Debug|Any CPU
		{836BA2B6-B112-4806-8DCD-D928F84FD7AD}.Debug|x86.Build.0 = Debug|Any CPU
		{836BA2B6-B112-4806-8DCD-D928F84FD7AD}.Release|Any CPU.ActiveCfg = Release|Any CPU
		{836BA2B6-B112-4806-8DCD-D928F84FD7AD}.Release|Any CPU.Build.0 = Release|Any CPU
		{836BA2B6-B112-4806-8DCD-D928F84FD7AD}.Release|x64.ActiveCfg = Release|Any CPU
		{836BA2B6-B112-4806-8DCD-D928F84FD7AD}.Release|x64.Build.0 = Release|Any CPU
		{836BA2B6-B112-4806-8DCD-D928F84FD7AD}.Release|x86.ActiveCfg = Release|Any CPU
		{836BA2B6-B112-4806-8DCD-D928F84FD7AD}.Release|x86.Build.0 = Release|Any CPU
		{BDCD40A7-C2A6-B3CE-5D05-DB393CE04C13}.Debug|Any CPU.ActiveCfg = Debug|Any CPU
		{BDCD40A7-C2A6-B3CE-5D05-DB393CE04C13}.Debug|Any CPU.Build.0 = Debug|Any CPU
		{BDCD40A7-C2A6-B3CE-5D05-DB393CE04C13}.Debug|x64.ActiveCfg = Debug|Any CPU
		{BDCD40A7-C2A6-B3CE-5D05-DB393CE04C13}.Debug|x64.Build.0 = Debug|Any CPU
		{BDCD40A7-C2A6-B3CE-5D05-DB393CE04C13}.Debug|x86.ActiveCfg = Debug|Any CPU
		{BDCD40A7-C2A6-B3CE-5D05-DB393CE04C13}.Debug|x86.Build.0 = Debug|Any CPU
		{BDCD40A7-C2A6-B3CE-5D05-DB393CE04C13}.Release|Any CPU.ActiveCfg = Release|Any CPU
		{BDCD40A7-C2A6-B3CE-5D05-DB393CE04C13}.Release|Any CPU.Build.0 = Release|Any CPU
		{BDCD40A7-C2A6-B3CE-5D05-DB393CE04C13}.Release|x64.ActiveCfg = Release|Any CPU
		{BDCD40A7-C2A6-B3CE-5D05-DB393CE04C13}.Release|x64.Build.0 = Release|Any CPU
		{BDCD40A7-C2A6-B3CE-5D05-DB393CE04C13}.Release|x86.ActiveCfg = Release|Any CPU
		{BDCD40A7-C2A6-B3CE-5D05-DB393CE04C13}.Release|x86.Build.0 = Release|Any CPU
		{205EC953-33A5-4802-98D9-C6748DA9CA6C}.Debug|Any CPU.ActiveCfg = Debug|Any CPU
		{205EC953-33A5-4802-98D9-C6748DA9CA6C}.Debug|Any CPU.Build.0 = Debug|Any CPU
		{205EC953-33A5-4802-98D9-C6748DA9CA6C}.Debug|x64.ActiveCfg = Debug|Any CPU
		{205EC953-33A5-4802-98D9-C6748DA9CA6C}.Debug|x64.Build.0 = Debug|Any CPU
		{205EC953-33A5-4802-98D9-C6748DA9CA6C}.Debug|x86.ActiveCfg = Debug|Any CPU
		{205EC953-33A5-4802-98D9-C6748DA9CA6C}.Debug|x86.Build.0 = Debug|Any CPU
		{205EC953-33A5-4802-98D9-C6748DA9CA6C}.Release|Any CPU.ActiveCfg = Release|Any CPU
		{205EC953-33A5-4802-98D9-C6748DA9CA6C}.Release|Any CPU.Build.0 = Release|Any CPU
		{205EC953-33A5-4802-98D9-C6748DA9CA6C}.Release|x64.ActiveCfg = Release|Any CPU
		{205EC953-33A5-4802-98D9-C6748DA9CA6C}.Release|x64.Build.0 = Release|Any CPU
		{205EC953-33A5-4802-98D9-C6748DA9CA6C}.Release|x86.ActiveCfg = Release|Any CPU
		{205EC953-33A5-4802-98D9-C6748DA9CA6C}.Release|x86.Build.0 = Release|Any CPU
		{A235A0A4-0054-47CB-A151-F5D4936BCE91}.Debug|Any CPU.ActiveCfg = Debug|Any CPU
		{A235A0A4-0054-47CB-A151-F5D4936BCE91}.Debug|Any CPU.Build.0 = Debug|Any CPU
		{A235A0A4-0054-47CB-A151-F5D4936BCE91}.Debug|x64.ActiveCfg = Debug|Any CPU
		{A235A0A4-0054-47CB-A151-F5D4936BCE91}.Debug|x64.Build.0 = Debug|Any CPU
		{A235A0A4-0054-47CB-A151-F5D4936BCE91}.Debug|x86.ActiveCfg = Debug|Any CPU
		{A235A0A4-0054-47CB-A151-F5D4936BCE91}.Debug|x86.Build.0 = Debug|Any CPU
		{A235A0A4-0054-47CB-A151-F5D4936BCE91}.Release|Any CPU.ActiveCfg = Release|Any CPU
		{A235A0A4-0054-47CB-A151-F5D4936BCE91}.Release|Any CPU.Build.0 = Release|Any CPU
		{A235A0A4-0054-47CB-A151-F5D4936BCE91}.Release|x64.ActiveCfg = Release|Any CPU
		{A235A0A4-0054-47CB-A151-F5D4936BCE91}.Release|x64.Build.0 = Release|Any CPU
		{A235A0A4-0054-47CB-A151-F5D4936BCE91}.Release|x86.ActiveCfg = Release|Any CPU
		{A235A0A4-0054-47CB-A151-F5D4936BCE91}.Release|x86.Build.0 = Release|Any CPU
		{EA4BFEF7-175C-4263-ACF4-E51285BDE535}.Debug|Any CPU.ActiveCfg = Debug|Any CPU
		{EA4BFEF7-175C-4263-ACF4-E51285BDE535}.Debug|Any CPU.Build.0 = Debug|Any CPU
		{EA4BFEF7-175C-4263-ACF4-E51285BDE535}.Debug|x64.ActiveCfg = Debug|Any CPU
		{EA4BFEF7-175C-4263-ACF4-E51285BDE535}.Debug|x64.Build.0 = Debug|Any CPU
		{EA4BFEF7-175C-4263-ACF4-E51285BDE535}.Debug|x86.ActiveCfg = Debug|Any CPU
		{EA4BFEF7-175C-4263-ACF4-E51285BDE535}.Debug|x86.Build.0 = Debug|Any CPU
		{EA4BFEF7-175C-4263-ACF4-E51285BDE535}.Release|Any CPU.ActiveCfg = Release|Any CPU
		{EA4BFEF7-175C-4263-ACF4-E51285BDE535}.Release|Any CPU.Build.0 = Release|Any CPU
		{EA4BFEF7-175C-4263-ACF4-E51285BDE535}.Release|x64.ActiveCfg = Release|Any CPU
		{EA4BFEF7-175C-4263-ACF4-E51285BDE535}.Release|x64.Build.0 = Release|Any CPU
		{EA4BFEF7-175C-4263-ACF4-E51285BDE535}.Release|x86.ActiveCfg = Release|Any CPU
		{EA4BFEF7-175C-4263-ACF4-E51285BDE535}.Release|x86.Build.0 = Release|Any CPU
		{3FA54360-7DEE-4975-9715-BEFE43AD39B8}.Debug|Any CPU.ActiveCfg = Debug|Any CPU
		{3FA54360-7DEE-4975-9715-BEFE43AD39B8}.Debug|Any CPU.Build.0 = Debug|Any CPU
		{3FA54360-7DEE-4975-9715-BEFE43AD39B8}.Debug|x64.ActiveCfg = Debug|Any CPU
		{3FA54360-7DEE-4975-9715-BEFE43AD39B8}.Debug|x64.Build.0 = Debug|Any CPU
		{3FA54360-7DEE-4975-9715-BEFE43AD39B8}.Debug|x86.ActiveCfg = Debug|Any CPU
		{3FA54360-7DEE-4975-9715-BEFE43AD39B8}.Debug|x86.Build.0 = Debug|Any CPU
		{3FA54360-7DEE-4975-9715-BEFE43AD39B8}.Release|Any CPU.ActiveCfg = Release|Any CPU
		{3FA54360-7DEE-4975-9715-BEFE43AD39B8}.Release|Any CPU.Build.0 = Release|Any CPU
		{3FA54360-7DEE-4975-9715-BEFE43AD39B8}.Release|x64.ActiveCfg = Release|Any CPU
		{3FA54360-7DEE-4975-9715-BEFE43AD39B8}.Release|x64.Build.0 = Release|Any CPU
		{3FA54360-7DEE-4975-9715-BEFE43AD39B8}.Release|x86.ActiveCfg = Release|Any CPU
		{3FA54360-7DEE-4975-9715-BEFE43AD39B8}.Release|x86.Build.0 = Release|Any CPU
		{8B9C0D1E-2F3A-4B5C-6D7E-8F9A0B1C2D3E}.Debug|Any CPU.ActiveCfg = Debug|Any CPU
		{8B9C0D1E-2F3A-4B5C-6D7E-8F9A0B1C2D3E}.Debug|Any CPU.Build.0 = Debug|Any CPU
		{8B9C0D1E-2F3A-4B5C-6D7E-8F9A0B1C2D3E}.Debug|x64.ActiveCfg = Debug|Any CPU
		{8B9C0D1E-2F3A-4B5C-6D7E-8F9A0B1C2D3E}.Debug|x64.Build.0 = Debug|Any CPU
		{8B9C0D1E-2F3A-4B5C-6D7E-8F9A0B1C2D3E}.Debug|x86.ActiveCfg = Debug|Any CPU
		{8B9C0D1E-2F3A-4B5C-6D7E-8F9A0B1C2D3E}.Debug|x86.Build.0 = Debug|Any CPU
		{8B9C0D1E-2F3A-4B5C-6D7E-8F9A0B1C2D3E}.Release|Any CPU.ActiveCfg = Release|Any CPU
		{8B9C0D1E-2F3A-4B5C-6D7E-8F9A0B1C2D3E}.Release|Any CPU.Build.0 = Release|Any CPU
		{8B9C0D1E-2F3A-4B5C-6D7E-8F9A0B1C2D3E}.Release|x64.ActiveCfg = Release|Any CPU
		{8B9C0D1E-2F3A-4B5C-6D7E-8F9A0B1C2D3E}.Release|x64.Build.0 = Release|Any CPU
		{8B9C0D1E-2F3A-4B5C-6D7E-8F9A0B1C2D3E}.Release|x86.ActiveCfg = Release|Any CPU
		{8B9C0D1E-2F3A-4B5C-6D7E-8F9A0B1C2D3E}.Release|x86.Build.0 = Release|Any CPU
	EndGlobalSection
	GlobalSection(SolutionProperties) = preSolution
		HideSolutionNode = FALSE
	EndGlobalSection
	GlobalSection(NestedProjects) = preSolution
		{A1A1A1A1-B2B2-C3C3-D4D4-E5E5E5E5E5E5} = {8BC9CEB8-8B4A-11D0-8D11-00A0C91BC942}
		{B2B2B2B2-C3C3-D4D4-E5E5-F6F6F6F6F6F6} = {8BC9CEB8-8B4A-11D0-8D11-00A0C91BC942}
		{A1B2C3D4-E5F6-7A8B-9C0D-1E2F3A4B5C6D} = {8BC9CEB8-8B4A-11D0-8D11-00A0C91BC942}
		{B2C3D4E5-F6A7-8B9C-0D1E-2F3A4B5C6D7E} = {8BC9CEB8-8B4A-11D0-8D11-00A0C91BC942}
		{1B2A3C4D-5E6F-7A8B-9C0D-1E2F3A4B5C6D} = {A1A1A1A1-B2B2-C3C3-D4D4-E5E5E5E5E5E5}
		{7B8C9D0E-1F2A-3B4C-5D6E-7F8A9B0C1D2E} = {B2B2B2B2-C3C3-D4D4-E5E5-F6F6F6F6F6F6}
		{6A7B8C9D-0E1F-2A3B-4C5D-6E7F8A9B0C1D} = {B2B2B2B2-C3C3-D4D4-E5E5-F6F6F6F6F6F6}
		{4E5F6A7B-8C9D-0E1F-2A3B-4C5D6E7F8A9B} = {B2B2B2B2-C3C3-D4D4-E5E5-F6F6F6F6F6F6}
		{5F6A7B8C-9D0E-1F2A-3B4C-5D6E7F8A9B0C} = {B2B2B2B2-C3C3-D4D4-E5E5-F6F6F6F6F6F6}
		{2C3D4E5F-6A7B-8C9D-0E1F-2A3B4C5D6E7F} = {B2B2B2B2-C3C3-D4D4-E5E5-F6F6F6F6F6F6}
		{3D4E5F6A-7B8C-9D0E-1F2A-3B4C5D6E7F8A} = {B2B2B2B2-C3C3-D4D4-E5E5-F6F6F6F6F6F6}
		{9D0E1F2A-3B4C-5D6E-7F8A-9B0C1D2E3F40} = {9CD0E1F2-A3B4-C5D6-E7F8-A9B0C1D2E3F4}
		{1F2A3B4C-5D6E-7F8A-9B0C-1D2E3F405162} = {9CD0E1F2-A3B4-C5D6-E7F8-A9B0C1D2E3F4}
		{C1D2E3F4-A5B6-7C8D-9E0F-1A2B3C4D5E6F} = {A1B2C3D4-E5F6-7A8B-9C0D-1E2F3A4B5C6D}
		{D2E3F4A5-B6C7-8D9E-0F1A-2B3C4D5E6F7A} = {B2C3D4E5-F6A7-8B9C-0D1E-2F3A4B5C6D7E}
		{093FDE45-7360-4BCB-8E0D-8D02735AF21E} = {9CD0E1F2-A3B4-C5D6-E7F8-A9B0C1D2E3F4}
		{585C6FAC-A93E-4FFE-A271-7B7C890D426E} = {B2B2B2B2-C3C3-D4D4-E5E5-F6F6F6F6F6F6}
		{84B0E0E4-9F75-4B27-B1F2-4F57B9D3E9AB} = {9CD0E1F2-A3B4-C5D6-E7F8-A9B0C1D2E3F4}
		{2B9E25A8-0D3F-4C2E-9B9A-3F1E2E5E8AB1} = {B2B2B2B2-C3C3-D4D4-E5E5-F6F6F6F6F6F6}
		{5B4F80DF-5686-4D34-9B90-1508B85EFC70} = {B2B2B2B2-C3C3-D4D4-E5E5-F6F6F6F6F6F6}
		{E2E68AC1-3BF6-4CB7-B38C-BA1BD2D1E600} = {B2B2B2B2-C3C3-D4D4-E5E5-F6F6F6F6F6F6}
		{D723CCAA-134D-44DE-8B19-74DDCE6EA101} = {9CD0E1F2-A3B4-C5D6-E7F8-A9B0C1D2E3F4}
		{E6EB3D26-9505-470A-BD16-9D318E873683} = {9CD0E1F2-A3B4-C5D6-E7F8-A9B0C1D2E3F4}
		{836BA2B6-B112-4806-8DCD-D928F84FD7AD} = {B2C3D4E5-F6A7-8B9C-0D1E-2F3A4B5C6D7E}
		{BDCD40A7-C2A6-B3CE-5D05-DB393CE04C13} = {B2B2B2B2-C3C3-D4D4-E5E5-F6F6F6F6F6F6}
		{205EC953-33A5-4802-98D9-C6748DA9CA6C} = {A1A1A1A1-B2B2-C3C3-D4D4-E5E5E5E5E5E5}
		{A235A0A4-0054-47CB-A151-F5D4936BCE91} = {9CD0E1F2-A3B4-C5D6-E7F8-A9B0C1D2E3F4}
		{EA4BFEF7-175C-4263-ACF4-E51285BDE535} = {9CD0E1F2-A3B4-C5D6-E7F8-A9B0C1D2E3F4}
		{3FA54360-7DEE-4975-9715-BEFE43AD39B8} = {9CD0E1F2-A3B4-C5D6-E7F8-A9B0C1D2E3F4}
		{8B9C0D1E-2F3A-4B5C-6D7E-8F9A0B1C2D3E} = {9CD0E1F2-A3B4-C5D6-E7F8-A9B0C1D2E3F4}
	EndGlobalSection
	GlobalSection(ExtensibilityGlobals) = postSolution
		SolutionGuid = {C36F16B3-8CC7-4F09-B114-F967F0AACD95}
	EndGlobalSection
EndGlobal
